// !$*UTF8*$!
{
	archiveVersion = 1;
	classes = {
	};
	objectVersion = 51;
	objects = {

/* Begin PBXBuildFile section */
		4C020A7F26CECA3600732E71 /* HidingUINavigationController.swift in Sources */ = {isa = PBXBuildFile; fileRef = 4C020A7E26CECA3600732E71 /* HidingUINavigationController.swift */; };
		4C070DD826CC2DF8000B88C4 /* IntExtension.swift in Sources */ = {isa = PBXBuildFile; fileRef = 4C070DD726CC2DF8000B88C4 /* IntExtension.swift */; };
		4C31D2CC26CDF20F005EB6A5 /* PlayerInfoTabBarController.swift in Sources */ = {isa = PBXBuildFile; fileRef = 4C31D2CB26CDF20F005EB6A5 /* PlayerInfoTabBarController.swift */; };
		4C3574F126E1686A00B86AD0 /* SpinnerViewController.swift in Sources */ = {isa = PBXBuildFile; fileRef = 4C3574F026E1686A00B86AD0 /* SpinnerViewController.swift */; };
		4C3574F326E171D000B86AD0 /* UIViewControllerExtension.swift in Sources */ = {isa = PBXBuildFile; fileRef = 4C3574F226E171D000B86AD0 /* UIViewControllerExtension.swift */; };
		4C3A50B826E882BB008F9424 /* Assets.xcassets in Resources */ = {isa = PBXBuildFile; fileRef = BE14330D26A0DDA20054E475 /* Assets.xcassets */; };
		4C526E4A26D94EA900B85E0B /* UILabelExtension.swift in Sources */ = {isa = PBXBuildFile; fileRef = 4C526E4926D94EA900B85E0B /* UILabelExtension.swift */; };
		4C526E4C26D9537300B85E0B /* UIImageExtension.swift in Sources */ = {isa = PBXBuildFile; fileRef = 4C526E4B26D9537300B85E0B /* UIImageExtension.swift */; };
		4C526E5626DC456E00B85E0B /* minecraft.ttf in Resources */ = {isa = PBXBuildFile; fileRef = 4C526E5526DC456E00B85E0B /* minecraft.ttf */; };
		4C54998926CAD1B60042F1E0 /* GamesTableViewCell.swift in Sources */ = {isa = PBXBuildFile; fileRef = 4C54998726CAD1B60042F1E0 /* GamesTableViewCell.swift */; };
		4C54998A26CAD1B60042F1E0 /* GamesTableViewCell.xib in Resources */ = {isa = PBXBuildFile; fileRef = 4C54998826CAD1B60042F1E0 /* GamesTableViewCell.xib */; };
		4C54999026CB5B890042F1E0 /* StatsManager.swift in Sources */ = {isa = PBXBuildFile; fileRef = 4C54998F26CB5B890042F1E0 /* StatsManager.swift */; };
		4C7A725E26F516D700FB562C /* AchievementsViewController.swift in Sources */ = {isa = PBXBuildFile; fileRef = 4C7A725D26F516D700FB562C /* AchievementsViewController.swift */; };
		4C7A726026F53F6E00FB562C /* OneTimeAchievement.swift in Sources */ = {isa = PBXBuildFile; fileRef = 4C7A725F26F53F6E00FB562C /* OneTimeAchievement.swift */; };
		4C7A726226F5421200FB562C /* TieredAchievement.swift in Sources */ = {isa = PBXBuildFile; fileRef = 4C7A726126F5421200FB562C /* TieredAchievement.swift */; };
		4C7CC51326C86F8A006F6EEE /* BedwarsStatsManager.swift in Sources */ = {isa = PBXBuildFile; fileRef = 4C7CC51226C86F8A006F6EEE /* BedwarsStatsManager.swift */; };
		4C7CC51526C8AAF0006F6EEE /* ArcadeStatsManager.swift in Sources */ = {isa = PBXBuildFile; fileRef = 4C7CC51426C8AAF0006F6EEE /* ArcadeStatsManager.swift */; };
		4C98565426D855C600FBD2EF /* UIColorExtension.swift in Sources */ = {isa = PBXBuildFile; fileRef = 4C98565326D855C600FBD2EF /* UIColorExtension.swift */; };
		4C9AAC8E26D453B30058CFA3 /* MinigameHeaderView.xib in Resources */ = {isa = PBXBuildFile; fileRef = 4C9AAC8D26D453B30058CFA3 /* MinigameHeaderView.xib */; };
		4C9AAC9026D4582D0058CFA3 /* MinigameHeaderView.swift in Sources */ = {isa = PBXBuildFile; fileRef = 4C9AAC8F26D4582D0058CFA3 /* MinigameHeaderView.swift */; };
		4C9D142926DD7AAA00E6695C /* ProfileViewController.swift in Sources */ = {isa = PBXBuildFile; fileRef = 4C9D142826DD7AAA00E6695C /* ProfileViewController.swift */; };
		4C9D142B26DD7B2400E6695C /* ProfileTableViewController.swift in Sources */ = {isa = PBXBuildFile; fileRef = 4C9D142A26DD7B2400E6695C /* ProfileTableViewController.swift */; };
		4C9D142D26DDFA5000E6695C /* DoubleExtension.swift in Sources */ = {isa = PBXBuildFile; fileRef = 4C9D142C26DDFA5000E6695C /* DoubleExtension.swift */; };
		4C9D142F26DEB9E900E6695C /* CumulativeStatsKeys.swift in Sources */ = {isa = PBXBuildFile; fileRef = 4C9D142E26DEB9E900E6695C /* CumulativeStatsKeys.swift */; };
		4C9D143126DED04B00E6695C /* GameTypes.swift in Sources */ = {isa = PBXBuildFile; fileRef = 4C9D143026DED04B00E6695C /* GameTypes.swift */; };
		4C9D143326DED53E00E6695C /* DateExtension.swift in Sources */ = {isa = PBXBuildFile; fileRef = 4C9D143226DED53E00E6695C /* DateExtension.swift */; };
		4CB192AA26DD37F30077D6AC /* NSMutableAttributedStringExtension.swift in Sources */ = {isa = PBXBuildFile; fileRef = 4CB192A926DD37F30077D6AC /* NSMutableAttributedStringExtension.swift */; };
		4CB192B026DD3E110077D6AC /* RankManager.swift in Sources */ = {isa = PBXBuildFile; fileRef = 4CB192AF26DD3E110077D6AC /* RankManager.swift */; };
		4CB2C05A26E2C15A0073241C /* AboutViewController.swift in Sources */ = {isa = PBXBuildFile; fileRef = 4CB2C05926E2C15A0073241C /* AboutViewController.swift */; };
		4CBA2B136F2169183DA7D448 /* Pods_HypixelStats.framework in Frameworks */ = {isa = PBXBuildFile; fileRef = 710A4E77CF2473F8FCFCE57D /* Pods_HypixelStats.framework */; };
		4CC234A826CCA34600D95D38 /* CoinsView.xib in Resources */ = {isa = PBXBuildFile; fileRef = 4CC234A726CCA34600D95D38 /* CoinsView.xib */; };
		4CC234AA26CCAF1400D95D38 /* CoinsView.swift in Sources */ = {isa = PBXBuildFile; fileRef = 4CC234A926CCAF1400D95D38 /* CoinsView.swift */; };
		4CCF9C0326C95FCC004BDF5E /* SkyWarsStatsManager.swift in Sources */ = {isa = PBXBuildFile; fileRef = 4CCF9C0226C95FCC004BDF5E /* SkyWarsStatsManager.swift */; };
		4CCF9C0526C97CFE004BDF5E /* MCGOStatsManager.swift in Sources */ = {isa = PBXBuildFile; fileRef = 4CCF9C0426C97CFE004BDF5E /* MCGOStatsManager.swift */; };
		4CCF9C0726C9EA2A004BDF5E /* PitStatsManager.swift in Sources */ = {isa = PBXBuildFile; fileRef = 4CCF9C0626C9EA2A004BDF5E /* PitStatsManager.swift */; };
		4CCF9C0926C9F213004BDF5E /* SkyClashStatsManager.swift in Sources */ = {isa = PBXBuildFile; fileRef = 4CCF9C0826C9F213004BDF5E /* SkyClashStatsManager.swift */; };
		4CCF9C0B26CA1292004BDF5E /* TrueCombatStatsManager.swift in Sources */ = {isa = PBXBuildFile; fileRef = 4CCF9C0A26CA1292004BDF5E /* TrueCombatStatsManager.swift */; };
		4CF034F526D2DD16000B91C0 /* GenericHeaderView.xib in Resources */ = {isa = PBXBuildFile; fileRef = 4CF034F426D2DD16000B91C0 /* GenericHeaderView.xib */; };
		4CF034F726D2DE0E000B91C0 /* GenericHeaderView.swift in Sources */ = {isa = PBXBuildFile; fileRef = 4CF034F626D2DE0E000B91C0 /* GenericHeaderView.swift */; };
		5EBDABE6804A57848BCBC20A /* Pods_HypixelStats_HypixelStatsUITests.framework in Frameworks */ = {isa = PBXBuildFile; fileRef = 5AB04033484B1876BF2D5301 /* Pods_HypixelStats_HypixelStatsUITests.framework */; };
		6C8C1618C3FBC94FC00F1C1B /* Pods_HypixelStatsTests.framework in Frameworks */ = {isa = PBXBuildFile; fileRef = DD24808AED57C6780D3C2A9B /* Pods_HypixelStatsTests.framework */; };
		BE0DBF7E26B5F26800344E8B /* SuperSmashStatsManager.swift in Sources */ = {isa = PBXBuildFile; fileRef = BE0DBF7D26B5F26800344E8B /* SuperSmashStatsManager.swift */; };
		BE0DBF8026B6157700344E8B /* HungerGamesStatsManager.swift in Sources */ = {isa = PBXBuildFile; fileRef = BE0DBF7F26B6157700344E8B /* HungerGamesStatsManager.swift */; };
		BE10348E26A5EF9B00153FBE /* GamesTableController.swift in Sources */ = {isa = PBXBuildFile; fileRef = BE10348D26A5EF9B00153FBE /* GamesTableController.swift */; };
		BE10349026A627FA00153FBE /* Utils.swift in Sources */ = {isa = PBXBuildFile; fileRef = BE10348F26A627FA00153FBE /* Utils.swift */; };
		BE14330226A0DDA00054E475 /* AppDelegate.swift in Sources */ = {isa = PBXBuildFile; fileRef = BE14330126A0DDA00054E475 /* AppDelegate.swift */; };
		BE14330426A0DDA00054E475 /* SceneDelegate.swift in Sources */ = {isa = PBXBuildFile; fileRef = BE14330326A0DDA00054E475 /* SceneDelegate.swift */; };
		BE14330626A0DDA00054E475 /* ViewController.swift in Sources */ = {isa = PBXBuildFile; fileRef = BE14330526A0DDA00054E475 /* ViewController.swift */; };
		BE14330926A0DDA00054E475 /* Main.storyboard in Resources */ = {isa = PBXBuildFile; fileRef = BE14330726A0DDA00054E475 /* Main.storyboard */; };
		BE14330C26A0DDA00054E475 /* HypixelStats.xcdatamodeld in Sources */ = {isa = PBXBuildFile; fileRef = BE14330A26A0DDA00054E475 /* HypixelStats.xcdatamodeld */; };
		BE14331126A0DDA20054E475 /* LaunchScreen.storyboard in Resources */ = {isa = PBXBuildFile; fileRef = BE14330F26A0DDA20054E475 /* LaunchScreen.storyboard */; };
		BE14331C26A0DDA20054E475 /* HypixelStatsTests.swift in Sources */ = {isa = PBXBuildFile; fileRef = BE14331B26A0DDA20054E475 /* HypixelStatsTests.swift */; };
		BE14332726A0DDA20054E475 /* HypixelStatsUITests.swift in Sources */ = {isa = PBXBuildFile; fileRef = BE14332626A0DDA20054E475 /* HypixelStatsUITests.swift */; };
		BE14333526A0E1FA0054E475 /* APIManager.swift in Sources */ = {isa = PBXBuildFile; fileRef = BE14333426A0E1FA0054E475 /* APIManager.swift */; };
		BE14333A26A0E97A0054E475 /* MojangAPIManager.swift in Sources */ = {isa = PBXBuildFile; fileRef = BE14333926A0E97A0054E475 /* MojangAPIManager.swift */; };
		BE14333C26A0EDFF0054E475 /* MinecraftUser.swift in Sources */ = {isa = PBXBuildFile; fileRef = BE14333B26A0EDFF0054E475 /* MinecraftUser.swift */; };
		BE51723226A8F65100DE85DC /* VampireZStatsManager.swift in Sources */ = {isa = PBXBuildFile; fileRef = BE51723126A8F65100DE85DC /* VampireZStatsManager.swift */; };
		BE51723426A90A0E00DE85DC /* WallsStatsManager.swift in Sources */ = {isa = PBXBuildFile; fileRef = BE51723326A90A0D00DE85DC /* WallsStatsManager.swift */; };
		BE51723626A914C200DE85DC /* BuildBattleStatsManager.swift in Sources */ = {isa = PBXBuildFile; fileRef = BE51723526A914C200DE85DC /* BuildBattleStatsManager.swift */; };
		BE59FAF026B70B17000F7799 /* GingerBreadStatsManager.swift in Sources */ = {isa = PBXBuildFile; fileRef = BE59FAEF26B70B17000F7799 /* GingerBreadStatsManager.swift */; };
		BE59FAF326B7294F000F7799 /* StringExtension.swift in Sources */ = {isa = PBXBuildFile; fileRef = BE59FAF226B7294F000F7799 /* StringExtension.swift */; };
		BE59FAF526B778A1000F7799 /* BattlegroundStatsManager.swift in Sources */ = {isa = PBXBuildFile; fileRef = BE59FAF426B778A1000F7799 /* BattlegroundStatsManager.swift */; };
		BE667DBD26A766D500325338 /* StatsInfoTableViewCell.swift in Sources */ = {isa = PBXBuildFile; fileRef = BE667DBB26A766D500325338 /* StatsInfoTableViewCell.swift */; };
		BE667DBE26A766D500325338 /* StatsInfoTableViewCell.xib in Resources */ = {isa = PBXBuildFile; fileRef = BE667DBC26A766D500325338 /* StatsInfoTableViewCell.xib */; };
		BE667DC026A76C4700325338 /* GenericStatsViewController.swift in Sources */ = {isa = PBXBuildFile; fileRef = BE667DBF26A76C4700325338 /* GenericStatsViewController.swift */; };
		BE667DC226A77E5700325338 /* PaintballStatsManager.swift in Sources */ = {isa = PBXBuildFile; fileRef = BE667DC126A77E5700325338 /* PaintballStatsManager.swift */; };
		BE85B08726BD8D42004B4303 /* UHCStatsManager.swift in Sources */ = {isa = PBXBuildFile; fileRef = BE85B08626BD8D42004B4303 /* UHCStatsManager.swift */; };
		BE85B08926BD96C1004B4303 /* MurderMysteryStatsManager.swift in Sources */ = {isa = PBXBuildFile; fileRef = BE85B08826BD96C1004B4303 /* MurderMysteryStatsManager.swift */; };
		BE8ACD9A26A277F90063ECB1 /* StatsViewController.swift in Sources */ = {isa = PBXBuildFile; fileRef = BE8ACD9926A277F90063ECB1 /* StatsViewController.swift */; };
		BE8FFE3126B3B0850033A8C2 /* QuakeStatsManager.swift in Sources */ = {isa = PBXBuildFile; fileRef = BE8FFE3026B3B0850033A8C2 /* QuakeStatsManager.swift */; };
		BE9BE1B026BB0B7300463ED4 /* DuelsStatsManager.swift in Sources */ = {isa = PBXBuildFile; fileRef = BE9BE1AF26BB0B7300463ED4 /* DuelsStatsManager.swift */; };
		BEAFEC0126AA11E000349728 /* CellData.swift in Sources */ = {isa = PBXBuildFile; fileRef = BEAFEC0026AA11E000349728 /* CellData.swift */; };
		BEAFEC0626AA3F3B00349728 /* ArenaStatsManager.swift in Sources */ = {isa = PBXBuildFile; fileRef = BEAFEC0526AA3F3B00349728 /* ArenaStatsManager.swift */; };
		BEAFEC0826AA4C9500349728 /* TNTGamesStatsManager.swift in Sources */ = {isa = PBXBuildFile; fileRef = BEAFEC0726AA4C9500349728 /* TNTGamesStatsManager.swift */; };
		BEC6822A26BCD15F0042D947 /* Walls3StatsManager.swift in Sources */ = {isa = PBXBuildFile; fileRef = BEC6822926BCD15F0042D947 /* Walls3StatsManager.swift */; };
		BEC6822C26BCE26D0042D947 /* SpeedUHCStatsManager.swift in Sources */ = {isa = PBXBuildFile; fileRef = BEC6822B26BCE26D0042D947 /* SpeedUHCStatsManager.swift */; };
		BEDAAF4026BE38BB002592A1 /* GamesTable.swift in Sources */ = {isa = PBXBuildFile; fileRef = BEDAAF3F26BE38BB002592A1 /* GamesTable.swift */; };
/* End PBXBuildFile section */

/* Begin PBXContainerItemProxy section */
		BE14331826A0DDA20054E475 /* PBXContainerItemProxy */ = {
			isa = PBXContainerItemProxy;
			containerPortal = BE1432F626A0DDA00054E475 /* Project object */;
			proxyType = 1;
			remoteGlobalIDString = BE1432FD26A0DDA00054E475;
			remoteInfo = HypixelStats;
		};
		BE14332326A0DDA20054E475 /* PBXContainerItemProxy */ = {
			isa = PBXContainerItemProxy;
			containerPortal = BE1432F626A0DDA00054E475 /* Project object */;
			proxyType = 1;
			remoteGlobalIDString = BE1432FD26A0DDA00054E475;
			remoteInfo = HypixelStats;
		};
/* End PBXContainerItemProxy section */

/* Begin PBXFileReference section */
		1F84BC6A9CBE1EB40FF1365C /* Pods-HypixelStatsTests.release.xcconfig */ = {isa = PBXFileReference; includeInIndex = 1; lastKnownFileType = text.xcconfig; name = "Pods-HypixelStatsTests.release.xcconfig"; path = "Target Support Files/Pods-HypixelStatsTests/Pods-HypixelStatsTests.release.xcconfig"; sourceTree = "<group>"; };
		38C9A33948A9BA0CE1566264 /* Pods-HypixelStats-HypixelStatsUITests.debug.xcconfig */ = {isa = PBXFileReference; includeInIndex = 1; lastKnownFileType = text.xcconfig; name = "Pods-HypixelStats-HypixelStatsUITests.debug.xcconfig"; path = "Target Support Files/Pods-HypixelStats-HypixelStatsUITests/Pods-HypixelStats-HypixelStatsUITests.debug.xcconfig"; sourceTree = "<group>"; };
		39128ACD900AC9905F535CE7 /* Pods-HypixelStats.release.xcconfig */ = {isa = PBXFileReference; includeInIndex = 1; lastKnownFileType = text.xcconfig; name = "Pods-HypixelStats.release.xcconfig"; path = "Target Support Files/Pods-HypixelStats/Pods-HypixelStats.release.xcconfig"; sourceTree = "<group>"; };
		4C020A7E26CECA3600732E71 /* HidingUINavigationController.swift */ = {isa = PBXFileReference; lastKnownFileType = sourcecode.swift; path = HidingUINavigationController.swift; sourceTree = "<group>"; };
		4C070DD726CC2DF8000B88C4 /* IntExtension.swift */ = {isa = PBXFileReference; lastKnownFileType = sourcecode.swift; path = IntExtension.swift; sourceTree = "<group>"; };
		4C31D2CB26CDF20F005EB6A5 /* PlayerInfoTabBarController.swift */ = {isa = PBXFileReference; lastKnownFileType = sourcecode.swift; path = PlayerInfoTabBarController.swift; sourceTree = "<group>"; };
		4C3574F026E1686A00B86AD0 /* SpinnerViewController.swift */ = {isa = PBXFileReference; lastKnownFileType = sourcecode.swift; path = SpinnerViewController.swift; sourceTree = "<group>"; };
		4C3574F226E171D000B86AD0 /* UIViewControllerExtension.swift */ = {isa = PBXFileReference; lastKnownFileType = sourcecode.swift; path = UIViewControllerExtension.swift; sourceTree = "<group>"; };
		4C526E4926D94EA900B85E0B /* UILabelExtension.swift */ = {isa = PBXFileReference; lastKnownFileType = sourcecode.swift; path = UILabelExtension.swift; sourceTree = "<group>"; };
		4C526E4B26D9537300B85E0B /* UIImageExtension.swift */ = {isa = PBXFileReference; lastKnownFileType = sourcecode.swift; path = UIImageExtension.swift; sourceTree = "<group>"; };
		4C526E5526DC456E00B85E0B /* minecraft.ttf */ = {isa = PBXFileReference; lastKnownFileType = file; path = minecraft.ttf; sourceTree = "<group>"; };
		4C54998726CAD1B60042F1E0 /* GamesTableViewCell.swift */ = {isa = PBXFileReference; lastKnownFileType = sourcecode.swift; path = GamesTableViewCell.swift; sourceTree = "<group>"; };
		4C54998826CAD1B60042F1E0 /* GamesTableViewCell.xib */ = {isa = PBXFileReference; lastKnownFileType = file.xib; path = GamesTableViewCell.xib; sourceTree = "<group>"; };
		4C54998F26CB5B890042F1E0 /* StatsManager.swift */ = {isa = PBXFileReference; lastKnownFileType = sourcecode.swift; path = StatsManager.swift; sourceTree = "<group>"; };
		4C7A725D26F516D700FB562C /* AchievementsViewController.swift */ = {isa = PBXFileReference; lastKnownFileType = sourcecode.swift; path = AchievementsViewController.swift; sourceTree = "<group>"; };
		4C7A725F26F53F6E00FB562C /* OneTimeAchievement.swift */ = {isa = PBXFileReference; lastKnownFileType = sourcecode.swift; path = OneTimeAchievement.swift; sourceTree = "<group>"; };
		4C7A726126F5421200FB562C /* TieredAchievement.swift */ = {isa = PBXFileReference; lastKnownFileType = sourcecode.swift; path = TieredAchievement.swift; sourceTree = "<group>"; };
		4C7CC51226C86F8A006F6EEE /* BedwarsStatsManager.swift */ = {isa = PBXFileReference; lastKnownFileType = sourcecode.swift; path = BedwarsStatsManager.swift; sourceTree = "<group>"; };
		4C7CC51426C8AAF0006F6EEE /* ArcadeStatsManager.swift */ = {isa = PBXFileReference; lastKnownFileType = sourcecode.swift; path = ArcadeStatsManager.swift; sourceTree = "<group>"; };
		4C98565326D855C600FBD2EF /* UIColorExtension.swift */ = {isa = PBXFileReference; lastKnownFileType = sourcecode.swift; path = UIColorExtension.swift; sourceTree = "<group>"; };
		4C9AAC8D26D453B30058CFA3 /* MinigameHeaderView.xib */ = {isa = PBXFileReference; lastKnownFileType = file.xib; path = MinigameHeaderView.xib; sourceTree = "<group>"; };
		4C9AAC8F26D4582D0058CFA3 /* MinigameHeaderView.swift */ = {isa = PBXFileReference; lastKnownFileType = sourcecode.swift; path = MinigameHeaderView.swift; sourceTree = "<group>"; };
		4C9D142826DD7AAA00E6695C /* ProfileViewController.swift */ = {isa = PBXFileReference; lastKnownFileType = sourcecode.swift; path = ProfileViewController.swift; sourceTree = "<group>"; };
		4C9D142A26DD7B2400E6695C /* ProfileTableViewController.swift */ = {isa = PBXFileReference; lastKnownFileType = sourcecode.swift; path = ProfileTableViewController.swift; sourceTree = "<group>"; };
		4C9D142C26DDFA5000E6695C /* DoubleExtension.swift */ = {isa = PBXFileReference; lastKnownFileType = sourcecode.swift; path = DoubleExtension.swift; sourceTree = "<group>"; };
		4C9D142E26DEB9E900E6695C /* CumulativeStatsKeys.swift */ = {isa = PBXFileReference; lastKnownFileType = sourcecode.swift; path = CumulativeStatsKeys.swift; sourceTree = "<group>"; };
		4C9D143026DED04B00E6695C /* GameTypes.swift */ = {isa = PBXFileReference; lastKnownFileType = sourcecode.swift; path = GameTypes.swift; sourceTree = "<group>"; };
		4C9D143226DED53E00E6695C /* DateExtension.swift */ = {isa = PBXFileReference; lastKnownFileType = sourcecode.swift; path = DateExtension.swift; sourceTree = "<group>"; };
		4CB192A926DD37F30077D6AC /* NSMutableAttributedStringExtension.swift */ = {isa = PBXFileReference; lastKnownFileType = sourcecode.swift; path = NSMutableAttributedStringExtension.swift; sourceTree = "<group>"; };
		4CB192AF26DD3E110077D6AC /* RankManager.swift */ = {isa = PBXFileReference; lastKnownFileType = sourcecode.swift; path = RankManager.swift; sourceTree = "<group>"; };
		4CB2C05926E2C15A0073241C /* AboutViewController.swift */ = {isa = PBXFileReference; lastKnownFileType = sourcecode.swift; path = AboutViewController.swift; sourceTree = "<group>"; };
		4CC234A726CCA34600D95D38 /* CoinsView.xib */ = {isa = PBXFileReference; lastKnownFileType = file.xib; path = CoinsView.xib; sourceTree = "<group>"; };
		4CC234A926CCAF1400D95D38 /* CoinsView.swift */ = {isa = PBXFileReference; lastKnownFileType = sourcecode.swift; path = CoinsView.swift; sourceTree = "<group>"; };
		4CCF9C0226C95FCC004BDF5E /* SkyWarsStatsManager.swift */ = {isa = PBXFileReference; lastKnownFileType = sourcecode.swift; path = SkyWarsStatsManager.swift; sourceTree = "<group>"; };
		4CCF9C0426C97CFE004BDF5E /* MCGOStatsManager.swift */ = {isa = PBXFileReference; lastKnownFileType = sourcecode.swift; path = MCGOStatsManager.swift; sourceTree = "<group>"; };
		4CCF9C0626C9EA2A004BDF5E /* PitStatsManager.swift */ = {isa = PBXFileReference; lastKnownFileType = sourcecode.swift; path = PitStatsManager.swift; sourceTree = "<group>"; };
		4CCF9C0826C9F213004BDF5E /* SkyClashStatsManager.swift */ = {isa = PBXFileReference; lastKnownFileType = sourcecode.swift; path = SkyClashStatsManager.swift; sourceTree = "<group>"; };
		4CCF9C0A26CA1292004BDF5E /* TrueCombatStatsManager.swift */ = {isa = PBXFileReference; lastKnownFileType = sourcecode.swift; path = TrueCombatStatsManager.swift; sourceTree = "<group>"; };
		4CF034F426D2DD16000B91C0 /* GenericHeaderView.xib */ = {isa = PBXFileReference; lastKnownFileType = file.xib; path = GenericHeaderView.xib; sourceTree = "<group>"; };
		4CF034F626D2DE0E000B91C0 /* GenericHeaderView.swift */ = {isa = PBXFileReference; lastKnownFileType = sourcecode.swift; path = GenericHeaderView.swift; sourceTree = "<group>"; };
		5AB04033484B1876BF2D5301 /* Pods_HypixelStats_HypixelStatsUITests.framework */ = {isa = PBXFileReference; explicitFileType = wrapper.framework; includeInIndex = 0; path = Pods_HypixelStats_HypixelStatsUITests.framework; sourceTree = BUILT_PRODUCTS_DIR; };
		710A4E77CF2473F8FCFCE57D /* Pods_HypixelStats.framework */ = {isa = PBXFileReference; explicitFileType = wrapper.framework; includeInIndex = 0; path = Pods_HypixelStats.framework; sourceTree = BUILT_PRODUCTS_DIR; };
		7545666F72EEAB283917B800 /* Pods-HypixelStats-HypixelStatsUITests.release.xcconfig */ = {isa = PBXFileReference; includeInIndex = 1; lastKnownFileType = text.xcconfig; name = "Pods-HypixelStats-HypixelStatsUITests.release.xcconfig"; path = "Target Support Files/Pods-HypixelStats-HypixelStatsUITests/Pods-HypixelStats-HypixelStatsUITests.release.xcconfig"; sourceTree = "<group>"; };
		85883E02B4EBFDF63BDF39CB /* Pods-HypixelStatsTests.debug.xcconfig */ = {isa = PBXFileReference; includeInIndex = 1; lastKnownFileType = text.xcconfig; name = "Pods-HypixelStatsTests.debug.xcconfig"; path = "Target Support Files/Pods-HypixelStatsTests/Pods-HypixelStatsTests.debug.xcconfig"; sourceTree = "<group>"; };
		BE0DBF7D26B5F26800344E8B /* SuperSmashStatsManager.swift */ = {isa = PBXFileReference; lastKnownFileType = sourcecode.swift; path = SuperSmashStatsManager.swift; sourceTree = "<group>"; };
		BE0DBF7F26B6157700344E8B /* HungerGamesStatsManager.swift */ = {isa = PBXFileReference; lastKnownFileType = sourcecode.swift; path = HungerGamesStatsManager.swift; sourceTree = "<group>"; };
		BE10348D26A5EF9B00153FBE /* GamesTableController.swift */ = {isa = PBXFileReference; lastKnownFileType = sourcecode.swift; path = GamesTableController.swift; sourceTree = "<group>"; };
		BE10348F26A627FA00153FBE /* Utils.swift */ = {isa = PBXFileReference; lastKnownFileType = sourcecode.swift; path = Utils.swift; sourceTree = "<group>"; };
		BE1432FE26A0DDA00054E475 /* HypixelStats.app */ = {isa = PBXFileReference; explicitFileType = wrapper.application; includeInIndex = 0; path = HypixelStats.app; sourceTree = BUILT_PRODUCTS_DIR; };
		BE14330126A0DDA00054E475 /* AppDelegate.swift */ = {isa = PBXFileReference; lastKnownFileType = sourcecode.swift; path = AppDelegate.swift; sourceTree = "<group>"; };
		BE14330326A0DDA00054E475 /* SceneDelegate.swift */ = {isa = PBXFileReference; lastKnownFileType = sourcecode.swift; path = SceneDelegate.swift; sourceTree = "<group>"; };
		BE14330526A0DDA00054E475 /* ViewController.swift */ = {isa = PBXFileReference; lastKnownFileType = sourcecode.swift; path = ViewController.swift; sourceTree = "<group>"; };
		BE14330826A0DDA00054E475 /* Base */ = {isa = PBXFileReference; lastKnownFileType = file.storyboard; name = Base; path = Base.lproj/Main.storyboard; sourceTree = "<group>"; };
		BE14330B26A0DDA00054E475 /* HypixelStats.xcdatamodel */ = {isa = PBXFileReference; lastKnownFileType = wrapper.xcdatamodel; path = HypixelStats.xcdatamodel; sourceTree = "<group>"; };
		BE14330D26A0DDA20054E475 /* Assets.xcassets */ = {isa = PBXFileReference; lastKnownFileType = folder.assetcatalog; path = Assets.xcassets; sourceTree = "<group>"; };
		BE14331026A0DDA20054E475 /* Base */ = {isa = PBXFileReference; lastKnownFileType = file.storyboard; name = Base; path = Base.lproj/LaunchScreen.storyboard; sourceTree = "<group>"; };
		BE14331226A0DDA20054E475 /* Info.plist */ = {isa = PBXFileReference; lastKnownFileType = text.plist.xml; path = Info.plist; sourceTree = "<group>"; };
		BE14331726A0DDA20054E475 /* HypixelStatsTests.xctest */ = {isa = PBXFileReference; explicitFileType = wrapper.cfbundle; includeInIndex = 0; path = HypixelStatsTests.xctest; sourceTree = BUILT_PRODUCTS_DIR; };
		BE14331B26A0DDA20054E475 /* HypixelStatsTests.swift */ = {isa = PBXFileReference; lastKnownFileType = sourcecode.swift; path = HypixelStatsTests.swift; sourceTree = "<group>"; };
		BE14331D26A0DDA20054E475 /* Info.plist */ = {isa = PBXFileReference; lastKnownFileType = text.plist.xml; path = Info.plist; sourceTree = "<group>"; };
		BE14332226A0DDA20054E475 /* HypixelStatsUITests.xctest */ = {isa = PBXFileReference; explicitFileType = wrapper.cfbundle; includeInIndex = 0; path = HypixelStatsUITests.xctest; sourceTree = BUILT_PRODUCTS_DIR; };
		BE14332626A0DDA20054E475 /* HypixelStatsUITests.swift */ = {isa = PBXFileReference; lastKnownFileType = sourcecode.swift; path = HypixelStatsUITests.swift; sourceTree = "<group>"; };
		BE14332826A0DDA20054E475 /* Info.plist */ = {isa = PBXFileReference; lastKnownFileType = text.plist.xml; path = Info.plist; sourceTree = "<group>"; };
		BE14333426A0E1FA0054E475 /* APIManager.swift */ = {isa = PBXFileReference; lastKnownFileType = sourcecode.swift; path = APIManager.swift; sourceTree = "<group>"; };
		BE14333926A0E97A0054E475 /* MojangAPIManager.swift */ = {isa = PBXFileReference; lastKnownFileType = sourcecode.swift; path = MojangAPIManager.swift; sourceTree = "<group>"; };
		BE14333B26A0EDFF0054E475 /* MinecraftUser.swift */ = {isa = PBXFileReference; lastKnownFileType = sourcecode.swift; path = MinecraftUser.swift; sourceTree = "<group>"; };
		BE51723126A8F65100DE85DC /* VampireZStatsManager.swift */ = {isa = PBXFileReference; lastKnownFileType = sourcecode.swift; path = VampireZStatsManager.swift; sourceTree = "<group>"; };
		BE51723326A90A0D00DE85DC /* WallsStatsManager.swift */ = {isa = PBXFileReference; lastKnownFileType = sourcecode.swift; path = WallsStatsManager.swift; sourceTree = "<group>"; };
		BE51723526A914C200DE85DC /* BuildBattleStatsManager.swift */ = {isa = PBXFileReference; lastKnownFileType = sourcecode.swift; path = BuildBattleStatsManager.swift; sourceTree = "<group>"; };
		BE59FAEF26B70B17000F7799 /* GingerBreadStatsManager.swift */ = {isa = PBXFileReference; lastKnownFileType = sourcecode.swift; path = GingerBreadStatsManager.swift; sourceTree = "<group>"; };
		BE59FAF226B7294F000F7799 /* StringExtension.swift */ = {isa = PBXFileReference; lastKnownFileType = sourcecode.swift; path = StringExtension.swift; sourceTree = "<group>"; };
		BE59FAF426B778A1000F7799 /* BattlegroundStatsManager.swift */ = {isa = PBXFileReference; lastKnownFileType = sourcecode.swift; path = BattlegroundStatsManager.swift; sourceTree = "<group>"; };
		BE667DBB26A766D500325338 /* StatsInfoTableViewCell.swift */ = {isa = PBXFileReference; lastKnownFileType = sourcecode.swift; path = StatsInfoTableViewCell.swift; sourceTree = "<group>"; };
		BE667DBC26A766D500325338 /* StatsInfoTableViewCell.xib */ = {isa = PBXFileReference; lastKnownFileType = file.xib; path = StatsInfoTableViewCell.xib; sourceTree = "<group>"; };
		BE667DBF26A76C4700325338 /* GenericStatsViewController.swift */ = {isa = PBXFileReference; lastKnownFileType = sourcecode.swift; path = GenericStatsViewController.swift; sourceTree = "<group>"; };
		BE667DC126A77E5700325338 /* PaintballStatsManager.swift */ = {isa = PBXFileReference; lastKnownFileType = sourcecode.swift; path = PaintballStatsManager.swift; sourceTree = "<group>"; };
		BE85B08626BD8D42004B4303 /* UHCStatsManager.swift */ = {isa = PBXFileReference; lastKnownFileType = sourcecode.swift; path = UHCStatsManager.swift; sourceTree = "<group>"; };
		BE85B08826BD96C1004B4303 /* MurderMysteryStatsManager.swift */ = {isa = PBXFileReference; lastKnownFileType = sourcecode.swift; path = MurderMysteryStatsManager.swift; sourceTree = "<group>"; };
		BE8ACD9926A277F90063ECB1 /* StatsViewController.swift */ = {isa = PBXFileReference; lastKnownFileType = sourcecode.swift; path = StatsViewController.swift; sourceTree = "<group>"; };
		BE8FFE3026B3B0850033A8C2 /* QuakeStatsManager.swift */ = {isa = PBXFileReference; lastKnownFileType = sourcecode.swift; path = QuakeStatsManager.swift; sourceTree = "<group>"; };
		BE9BE1AF26BB0B7300463ED4 /* DuelsStatsManager.swift */ = {isa = PBXFileReference; lastKnownFileType = sourcecode.swift; path = DuelsStatsManager.swift; sourceTree = "<group>"; };
		BEAFEC0026AA11E000349728 /* CellData.swift */ = {isa = PBXFileReference; lastKnownFileType = sourcecode.swift; path = CellData.swift; sourceTree = "<group>"; };
		BEAFEC0526AA3F3B00349728 /* ArenaStatsManager.swift */ = {isa = PBXFileReference; lastKnownFileType = sourcecode.swift; path = ArenaStatsManager.swift; sourceTree = "<group>"; };
		BEAFEC0726AA4C9500349728 /* TNTGamesStatsManager.swift */ = {isa = PBXFileReference; lastKnownFileType = sourcecode.swift; path = TNTGamesStatsManager.swift; sourceTree = "<group>"; };
		BEC6822926BCD15F0042D947 /* Walls3StatsManager.swift */ = {isa = PBXFileReference; lastKnownFileType = sourcecode.swift; path = Walls3StatsManager.swift; sourceTree = "<group>"; };
		BEC6822B26BCE26D0042D947 /* SpeedUHCStatsManager.swift */ = {isa = PBXFileReference; lastKnownFileType = sourcecode.swift; path = SpeedUHCStatsManager.swift; sourceTree = "<group>"; };
		BEDAAF3F26BE38BB002592A1 /* GamesTable.swift */ = {isa = PBXFileReference; lastKnownFileType = sourcecode.swift; path = GamesTable.swift; sourceTree = "<group>"; };
		DD24808AED57C6780D3C2A9B /* Pods_HypixelStatsTests.framework */ = {isa = PBXFileReference; explicitFileType = wrapper.framework; includeInIndex = 0; path = Pods_HypixelStatsTests.framework; sourceTree = BUILT_PRODUCTS_DIR; };
		E4B432CCDD2D62902E23D280 /* Pods-HypixelStats.debug.xcconfig */ = {isa = PBXFileReference; includeInIndex = 1; lastKnownFileType = text.xcconfig; name = "Pods-HypixelStats.debug.xcconfig"; path = "Target Support Files/Pods-HypixelStats/Pods-HypixelStats.debug.xcconfig"; sourceTree = "<group>"; };
/* End PBXFileReference section */

/* Begin PBXFrameworksBuildPhase section */
		BE1432FB26A0DDA00054E475 /* Frameworks */ = {
			isa = PBXFrameworksBuildPhase;
			buildActionMask = 2147483647;
			files = (
				4CBA2B136F2169183DA7D448 /* Pods_HypixelStats.framework in Frameworks */,
			);
			runOnlyForDeploymentPostprocessing = 0;
		};
		BE14331426A0DDA20054E475 /* Frameworks */ = {
			isa = PBXFrameworksBuildPhase;
			buildActionMask = 2147483647;
			files = (
				6C8C1618C3FBC94FC00F1C1B /* Pods_HypixelStatsTests.framework in Frameworks */,
			);
			runOnlyForDeploymentPostprocessing = 0;
		};
		BE14331F26A0DDA20054E475 /* Frameworks */ = {
			isa = PBXFrameworksBuildPhase;
			buildActionMask = 2147483647;
			files = (
				5EBDABE6804A57848BCBC20A /* Pods_HypixelStats_HypixelStatsUITests.framework in Frameworks */,
			);
			runOnlyForDeploymentPostprocessing = 0;
		};
/* End PBXFrameworksBuildPhase section */

/* Begin PBXGroup section */
		0F56A52F43C83599766F6BB2 /* Frameworks */ = {
			isa = PBXGroup;
			children = (
				710A4E77CF2473F8FCFCE57D /* Pods_HypixelStats.framework */,
				5AB04033484B1876BF2D5301 /* Pods_HypixelStats_HypixelStatsUITests.framework */,
				DD24808AED57C6780D3C2A9B /* Pods_HypixelStatsTests.framework */,
			);
			name = Frameworks;
			sourceTree = "<group>";
		};
		4C266D9226CB68BE00E91DA8 /* Custom Views */ = {
			isa = PBXGroup;
			children = (
				4C54998726CAD1B60042F1E0 /* GamesTableViewCell.swift */,
				4C54998826CAD1B60042F1E0 /* GamesTableViewCell.xib */,
				BE667DBB26A766D500325338 /* StatsInfoTableViewCell.swift */,
				BE667DBC26A766D500325338 /* StatsInfoTableViewCell.xib */,
				4CC234A726CCA34600D95D38 /* CoinsView.xib */,
				4CC234A926CCAF1400D95D38 /* CoinsView.swift */,
				4CF034F426D2DD16000B91C0 /* GenericHeaderView.xib */,
				4CF034F626D2DE0E000B91C0 /* GenericHeaderView.swift */,
				4C9AAC8D26D453B30058CFA3 /* MinigameHeaderView.xib */,
				4C9AAC8F26D4582D0058CFA3 /* MinigameHeaderView.swift */,
				4C3574F026E1686A00B86AD0 /* SpinnerViewController.swift */,
			);
			path = "Custom Views";
			sourceTree = "<group>";
		};
		4C266D9326CB695400E91DA8 /* Models */ = {
			isa = PBXGroup;
			children = (
				BE14333B26A0EDFF0054E475 /* MinecraftUser.swift */,
				BEDAAF3F26BE38BB002592A1 /* GamesTable.swift */,
				BEAFEC0026AA11E000349728 /* CellData.swift */,
				4C7A725F26F53F6E00FB562C /* OneTimeAchievement.swift */,
				4C7A726126F5421200FB562C /* TieredAchievement.swift */,
			);
			path = Models;
			sourceTree = "<group>";
		};
		4C526E5426DC455600B85E0B /* Fonts */ = {
			isa = PBXGroup;
			children = (
				4C526E5526DC456E00B85E0B /* minecraft.ttf */,
			);
			path = Fonts;
			sourceTree = "<group>";
		};
		4C7A725C26F5169800FB562C /* Achievements */ = {
			isa = PBXGroup;
			children = (
				4C7A725D26F516D700FB562C /* AchievementsViewController.swift */,
			);
			path = Achievements;
			sourceTree = "<group>";
		};
		4C9D142726DD7A9000E6695C /* Profile */ = {
			isa = PBXGroup;
			children = (
				4C9D142826DD7AAA00E6695C /* ProfileViewController.swift */,
				4C9D142A26DD7B2400E6695C /* ProfileTableViewController.swift */,
			);
			path = Profile;
			sourceTree = "<group>";
		};
		BBD5FE7B11B397D579B5E290 /* Pods */ = {
			isa = PBXGroup;
			children = (
				E4B432CCDD2D62902E23D280 /* Pods-HypixelStats.debug.xcconfig */,
				39128ACD900AC9905F535CE7 /* Pods-HypixelStats.release.xcconfig */,
				38C9A33948A9BA0CE1566264 /* Pods-HypixelStats-HypixelStatsUITests.debug.xcconfig */,
				7545666F72EEAB283917B800 /* Pods-HypixelStats-HypixelStatsUITests.release.xcconfig */,
				85883E02B4EBFDF63BDF39CB /* Pods-HypixelStatsTests.debug.xcconfig */,
				1F84BC6A9CBE1EB40FF1365C /* Pods-HypixelStatsTests.release.xcconfig */,
			);
			path = Pods;
			sourceTree = "<group>";
		};
		BE10349126A6783E00153FBE /* Stats */ = {
			isa = PBXGroup;
			children = (
				BE8ACD9926A277F90063ECB1 /* StatsViewController.swift */,
				BE10348D26A5EF9B00153FBE /* GamesTableController.swift */,
				BE667DBF26A76C4700325338 /* GenericStatsViewController.swift */,
				4C54998F26CB5B890042F1E0 /* StatsManager.swift */,
				4C7CC51426C8AAF0006F6EEE /* ArcadeStatsManager.swift */,
				BEAFEC0526AA3F3B00349728 /* ArenaStatsManager.swift */,
				4C7CC51226C86F8A006F6EEE /* BedwarsStatsManager.swift */,
				BE0DBF7F26B6157700344E8B /* HungerGamesStatsManager.swift */,
				BE51723526A914C200DE85DC /* BuildBattleStatsManager.swift */,
				4CCF9C0426C97CFE004BDF5E /* MCGOStatsManager.swift */,
				BE9BE1AF26BB0B7300463ED4 /* DuelsStatsManager.swift */,
				BEC6822926BCD15F0042D947 /* Walls3StatsManager.swift */,
				BE85B08826BD96C1004B4303 /* MurderMysteryStatsManager.swift */,
				BE667DC126A77E5700325338 /* PaintballStatsManager.swift */,
				4CCF9C0626C9EA2A004BDF5E /* PitStatsManager.swift */,
				BE8FFE3026B3B0850033A8C2 /* QuakeStatsManager.swift */,
				4CCF9C0226C95FCC004BDF5E /* SkyWarsStatsManager.swift */,
				BE0DBF7D26B5F26800344E8B /* SuperSmashStatsManager.swift */,
				BEC6822B26BCE26D0042D947 /* SpeedUHCStatsManager.swift */,
				BEAFEC0726AA4C9500349728 /* TNTGamesStatsManager.swift */,
				BE59FAEF26B70B17000F7799 /* GingerBreadStatsManager.swift */,
				BE85B08626BD8D42004B4303 /* UHCStatsManager.swift */,
				BE51723126A8F65100DE85DC /* VampireZStatsManager.swift */,
				BE51723326A90A0D00DE85DC /* WallsStatsManager.swift */,
				BE59FAF426B778A1000F7799 /* BattlegroundStatsManager.swift */,
				4CCF9C0A26CA1292004BDF5E /* TrueCombatStatsManager.swift */,
				4CCF9C0826C9F213004BDF5E /* SkyClashStatsManager.swift */,
			);
			path = Stats;
			sourceTree = "<group>";
		};
		BE1432F526A0DDA00054E475 = {
			isa = PBXGroup;
			children = (
				BE14330026A0DDA00054E475 /* HypixelStats */,
				BE14331A26A0DDA20054E475 /* HypixelStatsTests */,
				BE14332526A0DDA20054E475 /* HypixelStatsUITests */,
				BE1432FF26A0DDA00054E475 /* Products */,
				BBD5FE7B11B397D579B5E290 /* Pods */,
				0F56A52F43C83599766F6BB2 /* Frameworks */,
			);
			sourceTree = "<group>";
		};
		BE1432FF26A0DDA00054E475 /* Products */ = {
			isa = PBXGroup;
			children = (
				BE1432FE26A0DDA00054E475 /* HypixelStats.app */,
				BE14331726A0DDA20054E475 /* HypixelStatsTests.xctest */,
				BE14332226A0DDA20054E475 /* HypixelStatsUITests.xctest */,
			);
			name = Products;
			sourceTree = "<group>";
		};
		BE14330026A0DDA00054E475 /* HypixelStats */ = {
			isa = PBXGroup;
			children = (
				4C7A725C26F5169800FB562C /* Achievements */,
				4C9D142726DD7A9000E6695C /* Profile */,
				4C526E5426DC455600B85E0B /* Fonts */,
				BE59FAF126B72940000F7799 /* Extensions */,
				BE14333626A0E94F0054E475 /* Utils */,
				4C266D9326CB695400E91DA8 /* Models */,
				4C266D9226CB68BE00E91DA8 /* Custom Views */,
				BE10349126A6783E00153FBE /* Stats */,
				BE14330126A0DDA00054E475 /* AppDelegate.swift */,
				BE14330326A0DDA00054E475 /* SceneDelegate.swift */,
				BE14330726A0DDA00054E475 /* Main.storyboard */,
				BE14330526A0DDA00054E475 /* ViewController.swift */,
				4C31D2CB26CDF20F005EB6A5 /* PlayerInfoTabBarController.swift */,
				BE14330D26A0DDA20054E475 /* Assets.xcassets */,
				BE14330F26A0DDA20054E475 /* LaunchScreen.storyboard */,
				BE14331226A0DDA20054E475 /* Info.plist */,
				BE14330A26A0DDA00054E475 /* HypixelStats.xcdatamodeld */,
				4C020A7E26CECA3600732E71 /* HidingUINavigationController.swift */,
				4CB2C05926E2C15A0073241C /* AboutViewController.swift */,
			);
			path = HypixelStats;
			sourceTree = "<group>";
		};
		BE14331A26A0DDA20054E475 /* HypixelStatsTests */ = {
			isa = PBXGroup;
			children = (
				BE14331B26A0DDA20054E475 /* HypixelStatsTests.swift */,
				BE14331D26A0DDA20054E475 /* Info.plist */,
			);
			path = HypixelStatsTests;
			sourceTree = "<group>";
		};
		BE14332526A0DDA20054E475 /* HypixelStatsUITests */ = {
			isa = PBXGroup;
			children = (
				BE14332626A0DDA20054E475 /* HypixelStatsUITests.swift */,
				BE14332826A0DDA20054E475 /* Info.plist */,
			);
			path = HypixelStatsUITests;
			sourceTree = "<group>";
		};
		BE14333626A0E94F0054E475 /* Utils */ = {
			isa = PBXGroup;
			children = (
				BE14333426A0E1FA0054E475 /* APIManager.swift */,
				BE14333926A0E97A0054E475 /* MojangAPIManager.swift */,
				BE10348F26A627FA00153FBE /* Utils.swift */,
				4CB192AF26DD3E110077D6AC /* RankManager.swift */,
				4C9D142E26DEB9E900E6695C /* CumulativeStatsKeys.swift */,
				4C9D143026DED04B00E6695C /* GameTypes.swift */,
			);
			path = Utils;
			sourceTree = "<group>";
		};
		BE59FAF126B72940000F7799 /* Extensions */ = {
			isa = PBXGroup;
			children = (
				BE59FAF226B7294F000F7799 /* StringExtension.swift */,
				4C070DD726CC2DF8000B88C4 /* IntExtension.swift */,
				4C98565326D855C600FBD2EF /* UIColorExtension.swift */,
				4C526E4926D94EA900B85E0B /* UILabelExtension.swift */,
				4C526E4B26D9537300B85E0B /* UIImageExtension.swift */,
				4CB192A926DD37F30077D6AC /* NSMutableAttributedStringExtension.swift */,
				4C9D142C26DDFA5000E6695C /* DoubleExtension.swift */,
				4C9D143226DED53E00E6695C /* DateExtension.swift */,
				4C3574F226E171D000B86AD0 /* UIViewControllerExtension.swift */,
			);
			path = Extensions;
			sourceTree = "<group>";
		};
/* End PBXGroup section */

/* Begin PBXNativeTarget section */
		BE1432FD26A0DDA00054E475 /* HypixelStats */ = {
			isa = PBXNativeTarget;
			buildConfigurationList = BE14332B26A0DDA20054E475 /* Build configuration list for PBXNativeTarget "HypixelStats" */;
			buildPhases = (
				ECBC58FAECD4B8655F506830 /* [CP] Check Pods Manifest.lock */,
				BE1432FA26A0DDA00054E475 /* Sources */,
				BE1432FB26A0DDA00054E475 /* Frameworks */,
				BE1432FC26A0DDA00054E475 /* Resources */,
				4D8A66B0CB9F8CF7E2576164 /* [CP] Embed Pods Frameworks */,
			);
			buildRules = (
			);
			dependencies = (
			);
			name = HypixelStats;
			productName = HypixelStats;
			productReference = BE1432FE26A0DDA00054E475 /* HypixelStats.app */;
			productType = "com.apple.product-type.application";
		};
		BE14331626A0DDA20054E475 /* HypixelStatsTests */ = {
			isa = PBXNativeTarget;
			buildConfigurationList = BE14332E26A0DDA20054E475 /* Build configuration list for PBXNativeTarget "HypixelStatsTests" */;
			buildPhases = (
				D5DCDC2151B7CAD4E615EFBC /* [CP] Check Pods Manifest.lock */,
				BE14331326A0DDA20054E475 /* Sources */,
				BE14331426A0DDA20054E475 /* Frameworks */,
				BE14331526A0DDA20054E475 /* Resources */,
			);
			buildRules = (
			);
			dependencies = (
				BE14331926A0DDA20054E475 /* PBXTargetDependency */,
			);
			name = HypixelStatsTests;
			productName = HypixelStatsTests;
			productReference = BE14331726A0DDA20054E475 /* HypixelStatsTests.xctest */;
			productType = "com.apple.product-type.bundle.unit-test";
		};
		BE14332126A0DDA20054E475 /* HypixelStatsUITests */ = {
			isa = PBXNativeTarget;
			buildConfigurationList = BE14333126A0DDA20054E475 /* Build configuration list for PBXNativeTarget "HypixelStatsUITests" */;
			buildPhases = (
				B504D7B889E8B146E3B36352 /* [CP] Check Pods Manifest.lock */,
				BE14331E26A0DDA20054E475 /* Sources */,
				BE14331F26A0DDA20054E475 /* Frameworks */,
				BE14332026A0DDA20054E475 /* Resources */,
				9B58D5A9523E3EBD72342003 /* [CP] Embed Pods Frameworks */,
			);
			buildRules = (
			);
			dependencies = (
				BE14332426A0DDA20054E475 /* PBXTargetDependency */,
			);
			name = HypixelStatsUITests;
			productName = HypixelStatsUITests;
			productReference = BE14332226A0DDA20054E475 /* HypixelStatsUITests.xctest */;
			productType = "com.apple.product-type.bundle.ui-testing";
		};
/* End PBXNativeTarget section */

/* Begin PBXProject section */
		BE1432F626A0DDA00054E475 /* Project object */ = {
			isa = PBXProject;
			attributes = {
				LastSwiftUpdateCheck = 1250;
				LastUpgradeCheck = 1250;
				TargetAttributes = {
					BE1432FD26A0DDA00054E475 = {
						CreatedOnToolsVersion = 12.5;
					};
					BE14331626A0DDA20054E475 = {
						CreatedOnToolsVersion = 12.5;
						TestTargetID = BE1432FD26A0DDA00054E475;
					};
					BE14332126A0DDA20054E475 = {
						CreatedOnToolsVersion = 12.5;
						TestTargetID = BE1432FD26A0DDA00054E475;
					};
				};
			};
			buildConfigurationList = BE1432F926A0DDA00054E475 /* Build configuration list for PBXProject "HypixelStats" */;
			compatibilityVersion = "Xcode 9.3";
			developmentRegion = en;
			hasScannedForEncodings = 0;
			knownRegions = (
				en,
				Base,
			);
			mainGroup = BE1432F526A0DDA00054E475;
			productRefGroup = BE1432FF26A0DDA00054E475 /* Products */;
			projectDirPath = "";
			projectRoot = "";
			targets = (
				BE1432FD26A0DDA00054E475 /* HypixelStats */,
				BE14331626A0DDA20054E475 /* HypixelStatsTests */,
				BE14332126A0DDA20054E475 /* HypixelStatsUITests */,
			);
		};
/* End PBXProject section */

/* Begin PBXResourcesBuildPhase section */
		BE1432FC26A0DDA00054E475 /* Resources */ = {
			isa = PBXResourcesBuildPhase;
			buildActionMask = 2147483647;
			files = (
				4CF034F526D2DD16000B91C0 /* GenericHeaderView.xib in Resources */,
				BE14331126A0DDA20054E475 /* LaunchScreen.storyboard in Resources */,
				4C9AAC8E26D453B30058CFA3 /* MinigameHeaderView.xib in Resources */,
				4C54998A26CAD1B60042F1E0 /* GamesTableViewCell.xib in Resources */,
				BE667DBE26A766D500325338 /* StatsInfoTableViewCell.xib in Resources */,
				4C526E5626DC456E00B85E0B /* minecraft.ttf in Resources */,
				BE14330926A0DDA00054E475 /* Main.storyboard in Resources */,
				4C3A50B826E882BB008F9424 /* Assets.xcassets in Resources */,
				4CC234A826CCA34600D95D38 /* CoinsView.xib in Resources */,
			);
			runOnlyForDeploymentPostprocessing = 0;
		};
		BE14331526A0DDA20054E475 /* Resources */ = {
			isa = PBXResourcesBuildPhase;
			buildActionMask = 2147483647;
			files = (
			);
			runOnlyForDeploymentPostprocessing = 0;
		};
		BE14332026A0DDA20054E475 /* Resources */ = {
			isa = PBXResourcesBuildPhase;
			buildActionMask = 2147483647;
			files = (
			);
			runOnlyForDeploymentPostprocessing = 0;
		};
/* End PBXResourcesBuildPhase section */

/* Begin PBXShellScriptBuildPhase section */
		4D8A66B0CB9F8CF7E2576164 /* [CP] Embed Pods Frameworks */ = {
			isa = PBXShellScriptBuildPhase;
			buildActionMask = 2147483647;
			files = (
			);
			inputFileListPaths = (
				"${PODS_ROOT}/Target Support Files/Pods-HypixelStats/Pods-HypixelStats-frameworks-${CONFIGURATION}-input-files.xcfilelist",
			);
			name = "[CP] Embed Pods Frameworks";
			outputFileListPaths = (
				"${PODS_ROOT}/Target Support Files/Pods-HypixelStats/Pods-HypixelStats-frameworks-${CONFIGURATION}-output-files.xcfilelist",
			);
			runOnlyForDeploymentPostprocessing = 0;
			shellPath = /bin/sh;
			shellScript = "\"${PODS_ROOT}/Target Support Files/Pods-HypixelStats/Pods-HypixelStats-frameworks.sh\"\n";
			showEnvVarsInLog = 0;
		};
		9B58D5A9523E3EBD72342003 /* [CP] Embed Pods Frameworks */ = {
			isa = PBXShellScriptBuildPhase;
			buildActionMask = 2147483647;
			files = (
			);
			inputFileListPaths = (
				"${PODS_ROOT}/Target Support Files/Pods-HypixelStats-HypixelStatsUITests/Pods-HypixelStats-HypixelStatsUITests-frameworks-${CONFIGURATION}-input-files.xcfilelist",
			);
			name = "[CP] Embed Pods Frameworks";
			outputFileListPaths = (
				"${PODS_ROOT}/Target Support Files/Pods-HypixelStats-HypixelStatsUITests/Pods-HypixelStats-HypixelStatsUITests-frameworks-${CONFIGURATION}-output-files.xcfilelist",
			);
			runOnlyForDeploymentPostprocessing = 0;
			shellPath = /bin/sh;
			shellScript = "\"${PODS_ROOT}/Target Support Files/Pods-HypixelStats-HypixelStatsUITests/Pods-HypixelStats-HypixelStatsUITests-frameworks.sh\"\n";
			showEnvVarsInLog = 0;
		};
		B504D7B889E8B146E3B36352 /* [CP] Check Pods Manifest.lock */ = {
			isa = PBXShellScriptBuildPhase;
			buildActionMask = 2147483647;
			files = (
			);
			inputFileListPaths = (
			);
			inputPaths = (
				"${PODS_PODFILE_DIR_PATH}/Podfile.lock",
				"${PODS_ROOT}/Manifest.lock",
			);
			name = "[CP] Check Pods Manifest.lock";
			outputFileListPaths = (
			);
			outputPaths = (
				"$(DERIVED_FILE_DIR)/Pods-HypixelStats-HypixelStatsUITests-checkManifestLockResult.txt",
			);
			runOnlyForDeploymentPostprocessing = 0;
			shellPath = /bin/sh;
			shellScript = "diff \"${PODS_PODFILE_DIR_PATH}/Podfile.lock\" \"${PODS_ROOT}/Manifest.lock\" > /dev/null\nif [ $? != 0 ] ; then\n    # print error to STDERR\n    echo \"error: The sandbox is not in sync with the Podfile.lock. Run 'pod install' or update your CocoaPods installation.\" >&2\n    exit 1\nfi\n# This output is used by Xcode 'outputs' to avoid re-running this script phase.\necho \"SUCCESS\" > \"${SCRIPT_OUTPUT_FILE_0}\"\n";
			showEnvVarsInLog = 0;
		};
		D5DCDC2151B7CAD4E615EFBC /* [CP] Check Pods Manifest.lock */ = {
			isa = PBXShellScriptBuildPhase;
			buildActionMask = 2147483647;
			files = (
			);
			inputFileListPaths = (
			);
			inputPaths = (
				"${PODS_PODFILE_DIR_PATH}/Podfile.lock",
				"${PODS_ROOT}/Manifest.lock",
			);
			name = "[CP] Check Pods Manifest.lock";
			outputFileListPaths = (
			);
			outputPaths = (
				"$(DERIVED_FILE_DIR)/Pods-HypixelStatsTests-checkManifestLockResult.txt",
			);
			runOnlyForDeploymentPostprocessing = 0;
			shellPath = /bin/sh;
			shellScript = "diff \"${PODS_PODFILE_DIR_PATH}/Podfile.lock\" \"${PODS_ROOT}/Manifest.lock\" > /dev/null\nif [ $? != 0 ] ; then\n    # print error to STDERR\n    echo \"error: The sandbox is not in sync with the Podfile.lock. Run 'pod install' or update your CocoaPods installation.\" >&2\n    exit 1\nfi\n# This output is used by Xcode 'outputs' to avoid re-running this script phase.\necho \"SUCCESS\" > \"${SCRIPT_OUTPUT_FILE_0}\"\n";
			showEnvVarsInLog = 0;
		};
		ECBC58FAECD4B8655F506830 /* [CP] Check Pods Manifest.lock */ = {
			isa = PBXShellScriptBuildPhase;
			buildActionMask = 2147483647;
			files = (
			);
			inputFileListPaths = (
			);
			inputPaths = (
				"${PODS_PODFILE_DIR_PATH}/Podfile.lock",
				"${PODS_ROOT}/Manifest.lock",
			);
			name = "[CP] Check Pods Manifest.lock";
			outputFileListPaths = (
			);
			outputPaths = (
				"$(DERIVED_FILE_DIR)/Pods-HypixelStats-checkManifestLockResult.txt",
			);
			runOnlyForDeploymentPostprocessing = 0;
			shellPath = /bin/sh;
			shellScript = "diff \"${PODS_PODFILE_DIR_PATH}/Podfile.lock\" \"${PODS_ROOT}/Manifest.lock\" > /dev/null\nif [ $? != 0 ] ; then\n    # print error to STDERR\n    echo \"error: The sandbox is not in sync with the Podfile.lock. Run 'pod install' or update your CocoaPods installation.\" >&2\n    exit 1\nfi\n# This output is used by Xcode 'outputs' to avoid re-running this script phase.\necho \"SUCCESS\" > \"${SCRIPT_OUTPUT_FILE_0}\"\n";
			showEnvVarsInLog = 0;
		};
/* End PBXShellScriptBuildPhase section */

/* Begin PBXSourcesBuildPhase section */
		BE1432FA26A0DDA00054E475 /* Sources */ = {
			isa = PBXSourcesBuildPhase;
			buildActionMask = 2147483647;
			files = (
				4C070DD826CC2DF8000B88C4 /* IntExtension.swift in Sources */,
				BE59FAF526B778A1000F7799 /* BattlegroundStatsManager.swift in Sources */,
				BE14330626A0DDA00054E475 /* ViewController.swift in Sources */,
				4C7CC51526C8AAF0006F6EEE /* ArcadeStatsManager.swift in Sources */,
				4C7CC51326C86F8A006F6EEE /* BedwarsStatsManager.swift in Sources */,
				4C7A725E26F516D700FB562C /* AchievementsViewController.swift in Sources */,
				BE9BE1B026BB0B7300463ED4 /* DuelsStatsManager.swift in Sources */,
				BE14333A26A0E97A0054E475 /* MojangAPIManager.swift in Sources */,
				4CCF9C0726C9EA2A004BDF5E /* PitStatsManager.swift in Sources */,
				4CCF9C0326C95FCC004BDF5E /* SkyWarsStatsManager.swift in Sources */,
				4CCF9C0526C97CFE004BDF5E /* MCGOStatsManager.swift in Sources */,
				BE85B08726BD8D42004B4303 /* UHCStatsManager.swift in Sources */,
				BE14330226A0DDA00054E475 /* AppDelegate.swift in Sources */,
				BEC6822C26BCE26D0042D947 /* SpeedUHCStatsManager.swift in Sources */,
				BEAFEC0826AA4C9500349728 /* TNTGamesStatsManager.swift in Sources */,
				4C020A7F26CECA3600732E71 /* HidingUINavigationController.swift in Sources */,
				4C9D143326DED53E00E6695C /* DateExtension.swift in Sources */,
				BE14333526A0E1FA0054E475 /* APIManager.swift in Sources */,
				BE85B08926BD96C1004B4303 /* MurderMysteryStatsManager.swift in Sources */,
				BE14330426A0DDA00054E475 /* SceneDelegate.swift in Sources */,
				4CC234AA26CCAF1400D95D38 /* CoinsView.swift in Sources */,
				BE8FFE3126B3B0850033A8C2 /* QuakeStatsManager.swift in Sources */,
				4CF034F726D2DE0E000B91C0 /* GenericHeaderView.swift in Sources */,
				4C31D2CC26CDF20F005EB6A5 /* PlayerInfoTabBarController.swift in Sources */,
				4C9AAC9026D4582D0058CFA3 /* MinigameHeaderView.swift in Sources */,
				BE0DBF8026B6157700344E8B /* HungerGamesStatsManager.swift in Sources */,
				4CB2C05A26E2C15A0073241C /* AboutViewController.swift in Sources */,
				4C9D142D26DDFA5000E6695C /* DoubleExtension.swift in Sources */,
				BE667DC226A77E5700325338 /* PaintballStatsManager.swift in Sources */,
				BE10348E26A5EF9B00153FBE /* GamesTableController.swift in Sources */,
				4CB192B026DD3E110077D6AC /* RankManager.swift in Sources */,
				BEC6822A26BCD15F0042D947 /* Walls3StatsManager.swift in Sources */,
				4CCF9C0926C9F213004BDF5E /* SkyClashStatsManager.swift in Sources */,
				4C3574F326E171D000B86AD0 /* UIViewControllerExtension.swift in Sources */,
				4CB192AA26DD37F30077D6AC /* NSMutableAttributedStringExtension.swift in Sources */,
				4C526E4A26D94EA900B85E0B /* UILabelExtension.swift in Sources */,
				4C9D142926DD7AAA00E6695C /* ProfileViewController.swift in Sources */,
				BE10349026A627FA00153FBE /* Utils.swift in Sources */,
				4C54999026CB5B890042F1E0 /* StatsManager.swift in Sources */,
				BEAFEC0126AA11E000349728 /* CellData.swift in Sources */,
				4C9D142B26DD7B2400E6695C /* ProfileTableViewController.swift in Sources */,
				4C9D142F26DEB9E900E6695C /* CumulativeStatsKeys.swift in Sources */,
				BE51723226A8F65100DE85DC /* VampireZStatsManager.swift in Sources */,
				BE51723626A914C200DE85DC /* BuildBattleStatsManager.swift in Sources */,
				BE51723426A90A0E00DE85DC /* WallsStatsManager.swift in Sources */,
				BEAFEC0626AA3F3B00349728 /* ArenaStatsManager.swift in Sources */,
				BE14333C26A0EDFF0054E475 /* MinecraftUser.swift in Sources */,
				BE8ACD9A26A277F90063ECB1 /* StatsViewController.swift in Sources */,
				4C98565426D855C600FBD2EF /* UIColorExtension.swift in Sources */,
				BE59FAF026B70B17000F7799 /* GingerBreadStatsManager.swift in Sources */,
				4C3574F126E1686A00B86AD0 /* SpinnerViewController.swift in Sources */,
				4C54998926CAD1B60042F1E0 /* GamesTableViewCell.swift in Sources */,
				BEDAAF4026BE38BB002592A1 /* GamesTable.swift in Sources */,
				4C7A726226F5421200FB562C /* TieredAchievement.swift in Sources */,
				BE0DBF7E26B5F26800344E8B /* SuperSmashStatsManager.swift in Sources */,
				BE59FAF326B7294F000F7799 /* StringExtension.swift in Sources */,
				4C7A726026F53F6E00FB562C /* OneTimeAchievement.swift in Sources */,
				4C526E4C26D9537300B85E0B /* UIImageExtension.swift in Sources */,
				4CCF9C0B26CA1292004BDF5E /* TrueCombatStatsManager.swift in Sources */,
				BE667DC026A76C4700325338 /* GenericStatsViewController.swift in Sources */,
				4C9D143126DED04B00E6695C /* GameTypes.swift in Sources */,
				BE667DBD26A766D500325338 /* StatsInfoTableViewCell.swift in Sources */,
				BE14330C26A0DDA00054E475 /* HypixelStats.xcdatamodeld in Sources */,
			);
			runOnlyForDeploymentPostprocessing = 0;
		};
		BE14331326A0DDA20054E475 /* Sources */ = {
			isa = PBXSourcesBuildPhase;
			buildActionMask = 2147483647;
			files = (
				BE14331C26A0DDA20054E475 /* HypixelStatsTests.swift in Sources */,
			);
			runOnlyForDeploymentPostprocessing = 0;
		};
		BE14331E26A0DDA20054E475 /* Sources */ = {
			isa = PBXSourcesBuildPhase;
			buildActionMask = 2147483647;
			files = (
				BE14332726A0DDA20054E475 /* HypixelStatsUITests.swift in Sources */,
			);
			runOnlyForDeploymentPostprocessing = 0;
		};
/* End PBXSourcesBuildPhase section */

/* Begin PBXTargetDependency section */
		BE14331926A0DDA20054E475 /* PBXTargetDependency */ = {
			isa = PBXTargetDependency;
			target = BE1432FD26A0DDA00054E475 /* HypixelStats */;
			targetProxy = BE14331826A0DDA20054E475 /* PBXContainerItemProxy */;
		};
		BE14332426A0DDA20054E475 /* PBXTargetDependency */ = {
			isa = PBXTargetDependency;
			target = BE1432FD26A0DDA00054E475 /* HypixelStats */;
			targetProxy = BE14332326A0DDA20054E475 /* PBXContainerItemProxy */;
		};
/* End PBXTargetDependency section */

/* Begin PBXVariantGroup section */
		BE14330726A0DDA00054E475 /* Main.storyboard */ = {
			isa = PBXVariantGroup;
			children = (
				BE14330826A0DDA00054E475 /* Base */,
			);
			name = Main.storyboard;
			sourceTree = "<group>";
		};
		BE14330F26A0DDA20054E475 /* LaunchScreen.storyboard */ = {
			isa = PBXVariantGroup;
			children = (
				BE14331026A0DDA20054E475 /* Base */,
			);
			name = LaunchScreen.storyboard;
			sourceTree = "<group>";
		};
/* End PBXVariantGroup section */

/* Begin XCBuildConfiguration section */
		BE14332926A0DDA20054E475 /* Debug */ = {
			isa = XCBuildConfiguration;
			buildSettings = {
				ALWAYS_SEARCH_USER_PATHS = NO;
				CLANG_ANALYZER_NONNULL = YES;
				CLANG_ANALYZER_NUMBER_OBJECT_CONVERSION = YES_AGGRESSIVE;
				CLANG_CXX_LANGUAGE_STANDARD = "gnu++14";
				CLANG_CXX_LIBRARY = "libc++";
				CLANG_ENABLE_MODULES = YES;
				CLANG_ENABLE_OBJC_ARC = YES;
				CLANG_ENABLE_OBJC_WEAK = YES;
				CLANG_WARN_BLOCK_CAPTURE_AUTORELEASING = YES;
				CLANG_WARN_BOOL_CONVERSION = YES;
				CLANG_WARN_COMMA = YES;
				CLANG_WARN_CONSTANT_CONVERSION = YES;
				CLANG_WARN_DEPRECATED_OBJC_IMPLEMENTATIONS = YES;
				CLANG_WARN_DIRECT_OBJC_ISA_USAGE = YES_ERROR;
				CLANG_WARN_DOCUMENTATION_COMMENTS = YES;
				CLANG_WARN_EMPTY_BODY = YES;
				CLANG_WARN_ENUM_CONVERSION = YES;
				CLANG_WARN_INFINITE_RECURSION = YES;
				CLANG_WARN_INT_CONVERSION = YES;
				CLANG_WARN_NON_LITERAL_NULL_CONVERSION = YES;
				CLANG_WARN_OBJC_IMPLICIT_RETAIN_SELF = YES;
				CLANG_WARN_OBJC_LITERAL_CONVERSION = YES;
				CLANG_WARN_OBJC_ROOT_CLASS = YES_ERROR;
				CLANG_WARN_QUOTED_INCLUDE_IN_FRAMEWORK_HEADER = YES;
				CLANG_WARN_RANGE_LOOP_ANALYSIS = YES;
				CLANG_WARN_STRICT_PROTOTYPES = YES;
				CLANG_WARN_SUSPICIOUS_MOVE = YES;
				CLANG_WARN_UNGUARDED_AVAILABILITY = YES_AGGRESSIVE;
				CLANG_WARN_UNREACHABLE_CODE = YES;
				CLANG_WARN__DUPLICATE_METHOD_MATCH = YES;
				COPY_PHASE_STRIP = NO;
				DEBUG_INFORMATION_FORMAT = dwarf;
				ENABLE_STRICT_OBJC_MSGSEND = YES;
				ENABLE_TESTABILITY = YES;
				GCC_C_LANGUAGE_STANDARD = gnu11;
				GCC_DYNAMIC_NO_PIC = NO;
				GCC_NO_COMMON_BLOCKS = YES;
				GCC_OPTIMIZATION_LEVEL = 0;
				GCC_PREPROCESSOR_DEFINITIONS = (
					"DEBUG=1",
					"$(inherited)",
				);
				GCC_WARN_64_TO_32_BIT_CONVERSION = YES;
				GCC_WARN_ABOUT_RETURN_TYPE = YES_ERROR;
				GCC_WARN_UNDECLARED_SELECTOR = YES;
				GCC_WARN_UNINITIALIZED_AUTOS = YES_AGGRESSIVE;
				GCC_WARN_UNUSED_FUNCTION = YES;
				GCC_WARN_UNUSED_VARIABLE = YES;
				IPHONEOS_DEPLOYMENT_TARGET = 14.1;
				MTL_ENABLE_DEBUG_INFO = INCLUDE_SOURCE;
				MTL_FAST_MATH = YES;
				ONLY_ACTIVE_ARCH = YES;
				SDKROOT = iphoneos;
				SWIFT_ACTIVE_COMPILATION_CONDITIONS = DEBUG;
				SWIFT_OPTIMIZATION_LEVEL = "-Onone";
			};
			name = Debug;
		};
		BE14332A26A0DDA20054E475 /* Release */ = {
			isa = XCBuildConfiguration;
			buildSettings = {
				ALWAYS_SEARCH_USER_PATHS = NO;
				CLANG_ANALYZER_NONNULL = YES;
				CLANG_ANALYZER_NUMBER_OBJECT_CONVERSION = YES_AGGRESSIVE;
				CLANG_CXX_LANGUAGE_STANDARD = "gnu++14";
				CLANG_CXX_LIBRARY = "libc++";
				CLANG_ENABLE_MODULES = YES;
				CLANG_ENABLE_OBJC_ARC = YES;
				CLANG_ENABLE_OBJC_WEAK = YES;
				CLANG_WARN_BLOCK_CAPTURE_AUTORELEASING = YES;
				CLANG_WARN_BOOL_CONVERSION = YES;
				CLANG_WARN_COMMA = YES;
				CLANG_WARN_CONSTANT_CONVERSION = YES;
				CLANG_WARN_DEPRECATED_OBJC_IMPLEMENTATIONS = YES;
				CLANG_WARN_DIRECT_OBJC_ISA_USAGE = YES_ERROR;
				CLANG_WARN_DOCUMENTATION_COMMENTS = YES;
				CLANG_WARN_EMPTY_BODY = YES;
				CLANG_WARN_ENUM_CONVERSION = YES;
				CLANG_WARN_INFINITE_RECURSION = YES;
				CLANG_WARN_INT_CONVERSION = YES;
				CLANG_WARN_NON_LITERAL_NULL_CONVERSION = YES;
				CLANG_WARN_OBJC_IMPLICIT_RETAIN_SELF = YES;
				CLANG_WARN_OBJC_LITERAL_CONVERSION = YES;
				CLANG_WARN_OBJC_ROOT_CLASS = YES_ERROR;
				CLANG_WARN_QUOTED_INCLUDE_IN_FRAMEWORK_HEADER = YES;
				CLANG_WARN_RANGE_LOOP_ANALYSIS = YES;
				CLANG_WARN_STRICT_PROTOTYPES = YES;
				CLANG_WARN_SUSPICIOUS_MOVE = YES;
				CLANG_WARN_UNGUARDED_AVAILABILITY = YES_AGGRESSIVE;
				CLANG_WARN_UNREACHABLE_CODE = YES;
				CLANG_WARN__DUPLICATE_METHOD_MATCH = YES;
				COPY_PHASE_STRIP = NO;
				DEBUG_INFORMATION_FORMAT = "dwarf-with-dsym";
				ENABLE_NS_ASSERTIONS = NO;
				ENABLE_STRICT_OBJC_MSGSEND = YES;
				GCC_C_LANGUAGE_STANDARD = gnu11;
				GCC_NO_COMMON_BLOCKS = YES;
				GCC_WARN_64_TO_32_BIT_CONVERSION = YES;
				GCC_WARN_ABOUT_RETURN_TYPE = YES_ERROR;
				GCC_WARN_UNDECLARED_SELECTOR = YES;
				GCC_WARN_UNINITIALIZED_AUTOS = YES_AGGRESSIVE;
				GCC_WARN_UNUSED_FUNCTION = YES;
				GCC_WARN_UNUSED_VARIABLE = YES;
				IPHONEOS_DEPLOYMENT_TARGET = 14.1;
				MTL_ENABLE_DEBUG_INFO = NO;
				MTL_FAST_MATH = YES;
				SDKROOT = iphoneos;
				SWIFT_COMPILATION_MODE = wholemodule;
				SWIFT_OPTIMIZATION_LEVEL = "-O";
				VALIDATE_PRODUCT = YES;
			};
			name = Release;
		};
		BE14332C26A0DDA20054E475 /* Debug */ = {
			isa = XCBuildConfiguration;
			baseConfigurationReference = E4B432CCDD2D62902E23D280 /* Pods-HypixelStats.debug.xcconfig */;
			buildSettings = {
				ASSETCATALOG_COMPILER_APPICON_NAME = AppIcon;
				ASSETCATALOG_COMPILER_GLOBAL_ACCENT_COLOR_NAME = AccentColor;
				CODE_SIGN_STYLE = Automatic;
				CURRENT_PROJECT_VERSION = 3;
				DEVELOPMENT_TEAM = RBK8797X5P;
				INFOPLIST_FILE = HypixelStats/Info.plist;
				IPHONEOS_DEPLOYMENT_TARGET = 14.1;
				LD_RUNPATH_SEARCH_PATHS = (
					"$(inherited)",
					"@executable_path/Frameworks",
				);
				PRODUCT_BUNDLE_IDENTIFIER = "Edison-Ooi.HypixelStats";
				PRODUCT_NAME = "$(TARGET_NAME)";
				SWIFT_VERSION = 5.0;
				TARGETED_DEVICE_FAMILY = "1,2";
			};
			name = Debug;
		};
		BE14332D26A0DDA20054E475 /* Release */ = {
			isa = XCBuildConfiguration;
			baseConfigurationReference = 39128ACD900AC9905F535CE7 /* Pods-HypixelStats.release.xcconfig */;
			buildSettings = {
				ASSETCATALOG_COMPILER_APPICON_NAME = AppIcon;
				ASSETCATALOG_COMPILER_GLOBAL_ACCENT_COLOR_NAME = AccentColor;
				CODE_SIGN_STYLE = Automatic;
				CURRENT_PROJECT_VERSION = 3;
				DEVELOPMENT_TEAM = RBK8797X5P;
				INFOPLIST_FILE = HypixelStats/Info.plist;
				IPHONEOS_DEPLOYMENT_TARGET = 14.1;
				LD_RUNPATH_SEARCH_PATHS = (
					"$(inherited)",
					"@executable_path/Frameworks",
				);
				PRODUCT_BUNDLE_IDENTIFIER = "Edison-Ooi.HypixelStats";
				PRODUCT_NAME = "$(TARGET_NAME)";
				SWIFT_VERSION = 5.0;
				TARGETED_DEVICE_FAMILY = "1,2";
			};
			name = Release;
		};
		BE14332F26A0DDA20054E475 /* Debug */ = {
			isa = XCBuildConfiguration;
			baseConfigurationReference = 85883E02B4EBFDF63BDF39CB /* Pods-HypixelStatsTests.debug.xcconfig */;
			buildSettings = {
				ALWAYS_EMBED_SWIFT_STANDARD_LIBRARIES = YES;
				BUNDLE_LOADER = "$(TEST_HOST)";
				CODE_SIGN_STYLE = Automatic;
				DEVELOPMENT_TEAM = RBK8797X5P;
				INFOPLIST_FILE = HypixelStatsTests/Info.plist;
				IPHONEOS_DEPLOYMENT_TARGET = 14.5;
				LD_RUNPATH_SEARCH_PATHS = (
					"$(inherited)",
					"@executable_path/Frameworks",
					"@loader_path/Frameworks",
				);
				PRODUCT_BUNDLE_IDENTIFIER = "Edison-Ooi.HypixelStatsTests";
				PRODUCT_NAME = "$(TARGET_NAME)";
				SWIFT_VERSION = 5.0;
				TARGETED_DEVICE_FAMILY = "1,2";
				TEST_HOST = "$(BUILT_PRODUCTS_DIR)/HypixelStats.app/HypixelStats";
			};
			name = Debug;
		};
		BE14333026A0DDA20054E475 /* Release */ = {
			isa = XCBuildConfiguration;
			baseConfigurationReference = 1F84BC6A9CBE1EB40FF1365C /* Pods-HypixelStatsTests.release.xcconfig */;
			buildSettings = {
				ALWAYS_EMBED_SWIFT_STANDARD_LIBRARIES = YES;
				BUNDLE_LOADER = "$(TEST_HOST)";
				CODE_SIGN_STYLE = Automatic;
				DEVELOPMENT_TEAM = RBK8797X5P;
				INFOPLIST_FILE = HypixelStatsTests/Info.plist;
				IPHONEOS_DEPLOYMENT_TARGET = 14.5;
				LD_RUNPATH_SEARCH_PATHS = (
					"$(inherited)",
					"@executable_path/Frameworks",
					"@loader_path/Frameworks",
				);
				PRODUCT_BUNDLE_IDENTIFIER = "Edison-Ooi.HypixelStatsTests";
				PRODUCT_NAME = "$(TARGET_NAME)";
				SWIFT_VERSION = 5.0;
				TARGETED_DEVICE_FAMILY = "1,2";
				TEST_HOST = "$(BUILT_PRODUCTS_DIR)/HypixelStats.app/HypixelStats";
			};
			name = Release;
		};
		BE14333226A0DDA20054E475 /* Debug */ = {
			isa = XCBuildConfiguration;
			baseConfigurationReference = 38C9A33948A9BA0CE1566264 /* Pods-HypixelStats-HypixelStatsUITests.debug.xcconfig */;
			buildSettings = {
				ALWAYS_EMBED_SWIFT_STANDARD_LIBRARIES = YES;
				CODE_SIGN_STYLE = Automatic;
				DEVELOPMENT_TEAM = RBK8797X5P;
				INFOPLIST_FILE = HypixelStatsUITests/Info.plist;
				LD_RUNPATH_SEARCH_PATHS = (
					"$(inherited)",
					"@executable_path/Frameworks",
					"@loader_path/Frameworks",
				);
				PRODUCT_BUNDLE_IDENTIFIER = "Edison-Ooi.HypixelStatsUITests";
				PRODUCT_NAME = "$(TARGET_NAME)";
				SWIFT_VERSION = 5.0;
				TARGETED_DEVICE_FAMILY = "1,2";
				TEST_TARGET_NAME = HypixelStats;
			};
			name = Debug;
		};
		BE14333326A0DDA20054E475 /* Release */ = {
			isa = XCBuildConfiguration;
			baseConfigurationReference = 7545666F72EEAB283917B800 /* Pods-HypixelStats-HypixelStatsUITests.release.xcconfig */;
			buildSettings = {
				ALWAYS_EMBED_SWIFT_STANDARD_LIBRARIES = YES;
				CODE_SIGN_STYLE = Automatic;
				DEVELOPMENT_TEAM = RBK8797X5P;
				INFOPLIST_FILE = HypixelStatsUITests/Info.plist;
				LD_RUNPATH_SEARCH_PATHS = (
					"$(inherited)",
					"@executable_path/Frameworks",
					"@loader_path/Frameworks",
				);
				PRODUCT_BUNDLE_IDENTIFIER = "Edison-Ooi.HypixelStatsUITests";
				PRODUCT_NAME = "$(TARGET_NAME)";
				SWIFT_VERSION = 5.0;
				TARGETED_DEVICE_FAMILY = "1,2";
				TEST_TARGET_NAME = HypixelStats;
			};
			name = Release;
		};
/* End XCBuildConfiguration section */

/* Begin XCConfigurationList section */
		BE1432F926A0DDA00054E475 /* Build configuration list for PBXProject "HypixelStats" */ = {
			isa = XCConfigurationList;
			buildConfigurations = (
				BE14332926A0DDA20054E475 /* Debug */,
				BE14332A26A0DDA20054E475 /* Release */,
			);
			defaultConfigurationIsVisible = 0;
			defaultConfigurationName = Release;
		};
		BE14332B26A0DDA20054E475 /* Build configuration list for PBXNativeTarget "HypixelStats" */ = {
			isa = XCConfigurationList;
			buildConfigurations = (
				BE14332C26A0DDA20054E475 /* Debug */,
				BE14332D26A0DDA20054E475 /* Release */,
			);
			defaultConfigurationIsVisible = 0;
			defaultConfigurationName = Release;
		};
		BE14332E26A0DDA20054E475 /* Build configuration list for PBXNativeTarget "HypixelStatsTests" */ = {
			isa = XCConfigurationList;
			buildConfigurations = (
				BE14332F26A0DDA20054E475 /* Debug */,
				BE14333026A0DDA20054E475 /* Release */,
			);
			defaultConfigurationIsVisible = 0;
			defaultConfigurationName = Release;
		};
		BE14333126A0DDA20054E475 /* Build configuration list for PBXNativeTarget "HypixelStatsUITests" */ = {
			isa = XCConfigurationList;
			buildConfigurations = (
				BE14333226A0DDA20054E475 /* Debug */,
				BE14333326A0DDA20054E475 /* Release */,
			);
			defaultConfigurationIsVisible = 0;
			defaultConfigurationName = Release;
		};
/* End XCConfigurationList section */

/* Begin XCVersionGroup section */
		BE14330A26A0DDA00054E475 /* HypixelStats.xcdatamodeld */ = {
			isa = XCVersionGroup;
			children = (
				BE14330B26A0DDA00054E475 /* HypixelStats.xcdatamodel */,
			);
			currentVersion = BE14330B26A0DDA00054E475 /* HypixelStats.xcdatamodel */;
			path = HypixelStats.xcdatamodeld;
			sourceTree = "<group>";
			versionGroupType = wrapper.xcdatamodel;
		};
/* End XCVersionGroup section */
	};
	rootObject = BE1432F626A0DDA00054E475 /* Project object */;
}
